
Microsoft Visual Studio Solution File, Format Version 12.00
# Visual Studio 2012
Project("{FAE04EC0-301F-11D3-BF4B-00C04F79EFBC}") = "MvcApi", "MvcApi\MvcApi.csproj", "{3566CF5C-C544-4FAB-A96E-AE640B12E97F}"
EndProject
Project("{FAE04EC0-301F-11D3-BF4B-00C04F79EFBC}") = "MvcApi.Test", "MvcApi.Test\MvcApi.Test.csproj", "{436C3EF9-431F-4660-A3DC-AC2EC66D12B5}"
EndProject
Global
	GlobalSection(SolutionConfigurationPlatforms) = preSolution
		Debug|Any CPU = Debug|Any CPU
		Release|Any CPU = Release|Any CPU
	EndGlobalSection
	GlobalSection(ProjectConfigurationPlatforms) = postSolution
		{3566CF5C-C544-4FAB-A96E-AE640B12E97F}.Debug|Any CPU.ActiveCfg = Debug|Any CPU
		{3566CF5C-C544-4FAB-A96E-AE640B12E97F}.Debug|Any CPU.Build.0 = Debug|Any CPU
		{3566CF5C-C544-4FAB-A96E-AE640B12E97F}.Release|Any CPU.ActiveCfg = Release|Any CPU
		{3566CF5C-C544-4FAB-A96E-AE640B12E97F}.Release|Any CPU.Build.0 = Release|Any CPU
		{436C3EF9-431F-4660-A3DC-AC2EC66D12B5}.Debug|Any CPU.ActiveCfg = Debug|Any CPU
		{436C3EF9-431F-4660-A3DC-AC2EC66D12B5}.Debug|Any CPU.Build.0 = Debug|Any CPU
		{436C3EF9-431F-4660-A3DC-AC2EC66D12B5}.Release|Any CPU.ActiveCfg = Release|Any CPU
		{436C3EF9-431F-4660-A3DC-AC2EC66D12B5}.Release|Any CPU.Build.0 = Release|Any CPU
	EndGlobalSection
	GlobalSection(SolutionProperties) = preSolution
		HideSolutionNode = FALSE
	EndGlobalSection
EndGlobal
